{
  "originHash" : "19a06d5cc15d073433a9ea690c890b1b8f6a12cfc6532fd049579882085c52a8",
  "pins" : [
    {
      "identity" : "slipstream",
      "kind" : "remoteSourceControl",
      "location" : "https://github.com/jverkoey/slipstream.git",
      "state" : {
        "branch" : "main",
        "revision" : "ac6e3835150fdc4075d74df7b450d848cbc2de36"
      }
    },
    {
      "identity" : "swift-cmark",
      "kind" : "remoteSourceControl",
      "location" : "https://github.com/swiftlang/swift-cmark.git",
      "state" : {
        "branch" : "gfm",
        "revision" : "b022b08312decdc46585e0b3440d97f6f22ef703"
      }
    },
    {
      "identity" : "swift-markdown",
      "kind" : "remoteSourceControl",
      "location" : "https://github.com/apple/swift-markdown.git",
      "state" : {
        "branch" : "main",
        "revision" : "8986fc2a2af4bc686476e8e07ae6dd9d22ae00e2"
      }
    },
    {
      "identity" : "swiftsoup",
      "kind" : "remoteSourceControl",
      "location" : "https://github.com/scinfu/SwiftSoup.git",
      "state" : {
        "revision" : "3c2c7e1e72b8abd96eafbae80323c5c1e5317437",
        "version" : "2.7.5"
      }
    }
  ],
  "version" : 3
}
